
Microsoft Visual Studio Solution File, Format Version 12.00
# Visual Studio Version 17
VisualStudioVersion = 17.3.32825.248
MinimumVisualStudioVersion = 10.0.40219.1
Project("{FAE04EC0-301F-11D3-BF4B-00C04F79EFBC}") = "CadastroFuncionario.Web", "CadastroFuncionario.Web\CadastroFuncionario.Web.csproj", "{DD313873-D13D-42ED-855D-2A35C1B92332}"
EndProject
Project("{FAE04EC0-301F-11D3-BF4B-00C04F79EFBC}") = "CadastroFuncionario.Data.Model", "CadastroFuncionario.Data\CadastroFuncionario.Data.Model.csproj", "{1BED23CA-D4C4-429E-9F43-915B1602A6A6}"
EndProject
Project("{FAE04EC0-301F-11D3-BF4B-00C04F79EFBC}") = "CadastroFuncionario.Interface", "CadastroFuncionario.Interface\CadastroFuncionario.Interface.csproj", "{1E14573D-D98C-4C2B-9866-EE06F90B374B}"
EndProject
Project("{FAE04EC0-301F-11D3-BF4B-00C04F79EFBC}") = "CadastroFuncionario.Repository", "CadastroFuncionario.Repository\CadastroFuncionario.Repository.csproj", "{94813785-A8B7-48C4-AB5D-EECDB6AE64ED}"
EndProject
Global
	GlobalSection(SolutionConfigurationPlatforms) = preSolution
		Debug|Any CPU = Debug|Any CPU
		Release|Any CPU = Release|Any CPU
	EndGlobalSection
	GlobalSection(ProjectConfigurationPlatforms) = postSolution
		{DD313873-D13D-42ED-855D-2A35C1B92332}.Debug|Any CPU.ActiveCfg = Debug|Any CPU
		{DD313873-D13D-42ED-855D-2A35C1B92332}.Debug|Any CPU.Build.0 = Debug|Any CPU
		{DD313873-D13D-42ED-855D-2A35C1B92332}.Release|Any CPU.ActiveCfg = Release|Any CPU
		{DD313873-D13D-42ED-855D-2A35C1B92332}.Release|Any CPU.Build.0 = Release|Any CPU
		{1BED23CA-D4C4-429E-9F43-915B1602A6A6}.Debug|Any CPU.ActiveCfg = Debug|Any CPU
		{1BED23CA-D4C4-429E-9F43-915B1602A6A6}.Debug|Any CPU.Build.0 = Debug|Any CPU
		{1BED23CA-D4C4-429E-9F43-915B1602A6A6}.Release|Any CPU.ActiveCfg = Release|Any CPU
		{1BED23CA-D4C4-429E-9F43-915B1602A6A6}.Release|Any CPU.Build.0 = Release|Any CPU
		{1E14573D-D98C-4C2B-9866-EE06F90B374B}.Debug|Any CPU.ActiveCfg = Debug|Any CPU
		{1E14573D-D98C-4C2B-9866-EE06F90B374B}.Debug|Any CPU.Build.0 = Debug|Any CPU
		{1E14573D-D98C-4C2B-9866-EE06F90B374B}.Release|Any CPU.ActiveCfg = Release|Any CPU
		{1E14573D-D98C-4C2B-9866-EE06F90B374B}.Release|Any CPU.Build.0 = Release|Any CPU
		{94813785-A8B7-48C4-AB5D-EECDB6AE64ED}.Debug|Any CPU.ActiveCfg = Debug|Any CPU
		{94813785-A8B7-48C4-AB5D-EECDB6AE64ED}.Debug|Any CPU.Build.0 = Debug|Any CPU
		{94813785-A8B7-48C4-AB5D-EECDB6AE64ED}.Release|Any CPU.ActiveCfg = Release|Any CPU
		{94813785-A8B7-48C4-AB5D-EECDB6AE64ED}.Release|Any CPU.Build.0 = Release|Any CPU
	EndGlobalSection
	GlobalSection(SolutionProperties) = preSolution
		HideSolutionNode = FALSE
	EndGlobalSection
	GlobalSection(ExtensibilityGlobals) = postSolution
		SolutionGuid = {9CD55BA1-817A-40C3-9107-26A7362A5F6F}
	EndGlobalSection
EndGlobal
